
Microsoft Visual Studio Solution File, Format Version 12.00
# Visual Studio 15
VisualStudioVersion = 15.0.26124.0
MinimumVisualStudioVersion = 15.0.26124.0
Project("{2150E333-8FDC-42A3-9474-1A3956D46DE8}") = "src", "src", "{FE806436-F24B-4BCD-B86C-4062A25AFE8B}"
EndProject
Project("{FAE04EC0-301F-11D3-BF4B-00C04F79EFBC}") = "PokerCli", "src\PokerCli\PokerCli.csproj", "{93D23E9C-7035-4FF2-B33B-4029214DBC81}"
EndProject
Project("{FAE04EC0-301F-11D3-BF4B-00C04F79EFBC}") = "PokerCli.Tests", "src\PokerCli.Tests\PokerCli.Tests.csproj", "{A466A0D7-1D9D-4A0D-9CE3-E78B9826343C}"
EndProject
Global
	GlobalSection(SolutionConfigurationPlatforms) = preSolution
		Debug|Any CPU = Debug|Any CPU
		Debug|x64 = Debug|x64
		Debug|x86 = Debug|x86
		Release|Any CPU = Release|Any CPU
		Release|x64 = Release|x64
		Release|x86 = Release|x86
	EndGlobalSection
	GlobalSection(SolutionProperties) = preSolution
		HideSolutionNode = FALSE
	EndGlobalSection
	GlobalSection(ProjectConfigurationPlatforms) = postSolution
		{93D23E9C-7035-4FF2-B33B-4029214DBC81}.Debug|Any CPU.ActiveCfg = Debug|Any CPU
		{93D23E9C-7035-4FF2-B33B-4029214DBC81}.Debug|Any CPU.Build.0 = Debug|Any CPU
		{93D23E9C-7035-4FF2-B33B-4029214DBC81}.Debug|x64.ActiveCfg = Debug|Any CPU
		{93D23E9C-7035-4FF2-B33B-4029214DBC81}.Debug|x64.Build.0 = Debug|Any CPU
		{93D23E9C-7035-4FF2-B33B-4029214DBC81}.Debug|x86.ActiveCfg = Debug|Any CPU
		{93D23E9C-7035-4FF2-B33B-4029214DBC81}.Debug|x86.Build.0 = Debug|Any CPU
		{93D23E9C-7035-4FF2-B33B-4029214DBC81}.Release|Any CPU.ActiveCfg = Release|Any CPU
		{93D23E9C-7035-4FF2-B33B-4029214DBC81}.Release|Any CPU.Build.0 = Release|Any CPU
		{93D23E9C-7035-4FF2-B33B-4029214DBC81}.Release|x64.ActiveCfg = Release|Any CPU
		{93D23E9C-7035-4FF2-B33B-4029214DBC81}.Release|x64.Build.0 = Release|Any CPU
		{93D23E9C-7035-4FF2-B33B-4029214DBC81}.Release|x86.ActiveCfg = Release|Any CPU
		{93D23E9C-7035-4FF2-B33B-4029214DBC81}.Release|x86.Build.0 = Release|Any CPU
		{A466A0D7-1D9D-4A0D-9CE3-E78B9826343C}.Debug|Any CPU.ActiveCfg = Debug|Any CPU
		{A466A0D7-1D9D-4A0D-9CE3-E78B9826343C}.Debug|Any CPU.Build.0 = Debug|Any CPU
		{A466A0D7-1D9D-4A0D-9CE3-E78B9826343C}.Debug|x64.ActiveCfg = Debug|Any CPU
		{A466A0D7-1D9D-4A0D-9CE3-E78B9826343C}.Debug|x64.Build.0 = Debug|Any CPU
		{A466A0D7-1D9D-4A0D-9CE3-E78B9826343C}.Debug|x86.ActiveCfg = Debug|Any CPU
		{A466A0D7-1D9D-4A0D-9CE3-E78B9826343C}.Debug|x86.Build.0 = Debug|Any CPU
		{A466A0D7-1D9D-4A0D-9CE3-E78B9826343C}.Release|Any CPU.ActiveCfg = Release|Any CPU
		{A466A0D7-1D9D-4A0D-9CE3-E78B9826343C}.Release|Any CPU.Build.0 = Release|Any CPU
		{A466A0D7-1D9D-4A0D-9CE3-E78B9826343C}.Release|x64.ActiveCfg = Release|Any CPU
		{A466A0D7-1D9D-4A0D-9CE3-E78B9826343C}.Release|x64.Build.0 = Release|Any CPU
		{A466A0D7-1D9D-4A0D-9CE3-E78B9826343C}.Release|x86.ActiveCfg = Release|Any CPU
		{A466A0D7-1D9D-4A0D-9CE3-E78B9826343C}.Release|x86.Build.0 = Release|Any CPU
	EndGlobalSection
	GlobalSection(NestedProjects) = preSolution
		{93D23E9C-7035-4FF2-B33B-4029214DBC81} = {FE806436-F24B-4BCD-B86C-4062A25AFE8B}
		{A466A0D7-1D9D-4A0D-9CE3-E78B9826343C} = {FE806436-F24B-4BCD-B86C-4062A25AFE8B}
	EndGlobalSection
EndGlobal
